
Microsoft Visual Studio Solution File, Format Version 12.00
# Visual Studio 15
VisualStudioVersion = 15.0.27428.2011
MinimumVisualStudioVersion = 10.0.40219.1
Project("{FAE04EC0-301F-11D3-BF4B-00C04F79EFBC}") = "ODataDapper", "ODataDapper\ODataDapper.csproj", "{9389BA7B-C1FF-4A42-8591-D24870B2AF59}"
EndProject
Global
	GlobalSection(SolutionConfigurationPlatforms) = preSolution
		Debug|Any CPU = Debug|Any CPU
		Release|Any CPU = Release|Any CPU
	EndGlobalSection
	GlobalSection(ProjectConfigurationPlatforms) = postSolution
		{9389BA7B-C1FF-4A42-8591-D24870B2AF59}.Debug|Any CPU.ActiveCfg = Debug|Any CPU
		{9389BA7B-C1FF-4A42-8591-D24870B2AF59}.Debug|Any CPU.Build.0 = Debug|Any CPU
		{9389BA7B-C1FF-4A42-8591-D24870B2AF59}.Release|Any CPU.ActiveCfg = Release|Any CPU
		{9389BA7B-C1FF-4A42-8591-D24870B2AF59}.Release|Any CPU.Build.0 = Release|Any CPU
	EndGlobalSection
	GlobalSection(SolutionProperties) = preSolution
		HideSolutionNode = FALSE
	EndGlobalSection
	GlobalSection(ExtensibilityGlobals) = postSolution
		SolutionGuid = {E9E13136-47D5-4C28-8971-3FFC01B7D052}
	EndGlobalSection
EndGlobal
